{
  "requires": true,
  "lockfileVersion": 1,
  "dependencies": {
    "node": {
      "version": "23.11.0",
      "resolved": "https://registry.npmjs.org/node/-/node-23.11.0.tgz",
      "integrity": "sha512-IS7dwB4M8/iKCFuJVN4EQmMmpX1YLN/wLfkgcouPA99s9cQUpuUX7Ng0j0XIK+4Zhb4EhcDyea5P20hF26nVow==",
      "requires": {
        "node-bin-setup": "^1.0.0"
      }
    },
    "node-bin-setup": {
      "version": "1.1.3",
      "resolved": "https://registry.npmjs.org/node-bin-setup/-/node-bin-setup-1.1.3.tgz",
      "integrity": "sha512-opgw9iSCAzT2+6wJOETCpeRYAQxSopqQ2z+N6BXwIMsQQ7Zj5M8MaafQY8JMlolRR6R1UXg2WmhKp0p9lSOivg=="
    }
  }
}
